{
  "name": "@sembo-stenaline/sembo-observable-watcher",
  "version": "1.0.0",
  "lockfileVersion": 1,
  "requires": true,
  "dependencies": {
    "rxjs": {
      "version": "7.2.0",
      "resolved": "https://developers.sembo.com/omnirepo/repository/npm-group/rxjs/-/rxjs-7.2.0.tgz",
      "integrity": "sha512-aX8w9OpKrQmiPKfT1bqETtUr9JygIz6GZ+gql8v7CijClsP0laoFUdKzxFAoWuRdSlOdU2+crss+cMf+cqMTnw==",
      "requires": {
        "tslib": "~2.1.0"
      }
    },
    "tslib": {
      "version": "2.1.0",
      "resolved": "https://developers.sembo.com/omnirepo/repository/npm-group/tslib/-/tslib-2.1.0.tgz",
      "integrity": "sha512-hcVC3wYEziELGGmEEXue7D75zbwIIVUMWAVbHItGPx0ziyXxrOMQx4rQEVEV45Ut/1IotuEvwqPopzIOkDMf0A=="
    },
    "typescript": {
      "version": "4.3.5",
      "resolved": "https://developers.sembo.com/omnirepo/repository/npm-group/typescript/-/typescript-4.3.5.tgz",
      "integrity": "sha512-DqQgihaQ9cUrskJo9kIyW/+g0Vxsk8cDtZ52a3NGh0YNTfpUSArXSohyUGnvbPazEPLu398C0UxmKSOrPumUzA==",
      "dev": true
    },
    "vue": {
      "version": "2.6.14",
      "resolved": "https://developers.sembo.com/omnirepo/repository/npm-group/vue/-/vue-2.6.14.tgz",
      "integrity": "sha512-x2284lgYvjOMj3Za7kqzRcUSxBboHqtgRE2zlos1qWaOye5yUmHn42LB1250NJBLRwEcdrB0JRwyPTEPhfQjiQ=="
    },
    "vue-class-component": {
      "version": "7.2.6",
      "resolved": "https://developers.sembo.com/omnirepo/repository/npm-group/vue-class-component/-/vue-class-component-7.2.6.tgz",
      "integrity": "sha512-+eaQXVrAm/LldalI272PpDe3+i4mPis0ORiMYxF6Ae4hyuCh15W8Idet7wPUEs4N4YptgFHGys4UrgNQOMyO6w=="
    }
  }
}
